
Microsoft Visual Studio Solution File, Format Version 12.00
# Visual Studio Version 16
VisualStudioVersion = 16.0.810.6
MinimumVisualStudioVersion = 10.0.40219.1
Project("{FAE04EC0-301F-11D3-BF4B-00C04F79EFBC}") = "AbstractClassDemonstration", "AbstractClassDemonstration\AbstractClassDemonstration.csproj", "{1B3A3BFC-6C5B-4612-ACA0-59E3302F474A}"
EndProject
Global
	GlobalSection(SolutionConfigurationPlatforms) = preSolution
		Debug|Any CPU = Debug|Any CPU
		Release|Any CPU = Release|Any CPU
	EndGlobalSection
	GlobalSection(ProjectConfigurationPlatforms) = postSolution
		{1B3A3BFC-6C5B-4612-ACA0-59E3302F474A}.Debug|Any CPU.ActiveCfg = Debug|Any CPU
		{1B3A3BFC-6C5B-4612-ACA0-59E3302F474A}.Debug|Any CPU.Build.0 = Debug|Any CPU
		{1B3A3BFC-6C5B-4612-ACA0-59E3302F474A}.Release|Any CPU.ActiveCfg = Release|Any CPU
		{1B3A3BFC-6C5B-4612-ACA0-59E3302F474A}.Release|Any CPU.Build.0 = Release|Any CPU
	EndGlobalSection
	GlobalSection(SolutionProperties) = preSolution
		HideSolutionNode = FALSE
	EndGlobalSection
	GlobalSection(ExtensibilityGlobals) = postSolution
		SolutionGuid = {61203EC2-155B-461C-910F-74F63D206A58}
	EndGlobalSection
EndGlobal
