
Microsoft Visual Studio Solution File, Format Version 12.00
# Visual Studio Version 16
VisualStudioVersion = 16.0.810.8
MinimumVisualStudioVersion = 10.0.40219.1
Project("{FAE04EC0-301F-11D3-BF4B-00C04F79EFBC}") = "AppInterfaces", "AppInterfaces.csproj", "{1A330A49-55DF-4851-890C-A60502D3CB35}"
EndProject
Global
	GlobalSection(SolutionConfigurationPlatforms) = preSolution
		Debug|Any CPU = Debug|Any CPU
		Release|Any CPU = Release|Any CPU
	EndGlobalSection
	GlobalSection(ProjectConfigurationPlatforms) = postSolution
		{1A330A49-55DF-4851-890C-A60502D3CB35}.Debug|Any CPU.ActiveCfg = Debug|Any CPU
		{1A330A49-55DF-4851-890C-A60502D3CB35}.Debug|Any CPU.Build.0 = Debug|Any CPU
		{1A330A49-55DF-4851-890C-A60502D3CB35}.Release|Any CPU.ActiveCfg = Release|Any CPU
		{1A330A49-55DF-4851-890C-A60502D3CB35}.Release|Any CPU.Build.0 = Release|Any CPU
	EndGlobalSection
	GlobalSection(SolutionProperties) = preSolution
		HideSolutionNode = FALSE
	EndGlobalSection
	GlobalSection(ExtensibilityGlobals) = postSolution
		SolutionGuid = {CA3CF55C-40C9-4BC7-BBD0-E62E71FF0E8C}
	EndGlobalSection
EndGlobal
