
Microsoft Visual Studio Solution File, Format Version 12.00
# Visual Studio Version 16
VisualStudioVersion = 16.0.810.8
MinimumVisualStudioVersion = 10.0.40219.1
Project("{FAE04EC0-301F-11D3-BF4B-00C04F79EFBC}") = "MadLibs", "MadLibs\MadLibs.csproj", "{27C8644D-7D1E-4663-BBBE-59D1077F275A}"
EndProject
Global
	GlobalSection(SolutionConfigurationPlatforms) = preSolution
		Debug|Any CPU = Debug|Any CPU
		Release|Any CPU = Release|Any CPU
	EndGlobalSection
	GlobalSection(ProjectConfigurationPlatforms) = postSolution
		{27C8644D-7D1E-4663-BBBE-59D1077F275A}.Debug|Any CPU.ActiveCfg = Debug|Any CPU
		{27C8644D-7D1E-4663-BBBE-59D1077F275A}.Debug|Any CPU.Build.0 = Debug|Any CPU
		{27C8644D-7D1E-4663-BBBE-59D1077F275A}.Release|Any CPU.ActiveCfg = Release|Any CPU
		{27C8644D-7D1E-4663-BBBE-59D1077F275A}.Release|Any CPU.Build.0 = Release|Any CPU
	EndGlobalSection
	GlobalSection(SolutionProperties) = preSolution
		HideSolutionNode = FALSE
	EndGlobalSection
	GlobalSection(ExtensibilityGlobals) = postSolution
		SolutionGuid = {CEA137B8-EE5A-46AA-AA68-67595A4636D8}
	EndGlobalSection
EndGlobal
