
Microsoft Visual Studio Solution File, Format Version 12.00
# Visual Studio Version 16
VisualStudioVersion = 16.0.810.8
MinimumVisualStudioVersion = 10.0.40219.1
Project("{FAE04EC0-301F-11D3-BF4B-00C04F79EFBC}") = "ChooseYourOwnAdventureGame", "ChooseYourOwnAdventureGame\ChooseYourOwnAdventureGame.csproj", "{23E7E21A-B963-4A3D-886F-477D64435496}"
EndProject
Global
	GlobalSection(SolutionConfigurationPlatforms) = preSolution
		Debug|Any CPU = Debug|Any CPU
		Release|Any CPU = Release|Any CPU
	EndGlobalSection
	GlobalSection(ProjectConfigurationPlatforms) = postSolution
		{23E7E21A-B963-4A3D-886F-477D64435496}.Debug|Any CPU.ActiveCfg = Debug|Any CPU
		{23E7E21A-B963-4A3D-886F-477D64435496}.Debug|Any CPU.Build.0 = Debug|Any CPU
		{23E7E21A-B963-4A3D-886F-477D64435496}.Release|Any CPU.ActiveCfg = Release|Any CPU
		{23E7E21A-B963-4A3D-886F-477D64435496}.Release|Any CPU.Build.0 = Release|Any CPU
	EndGlobalSection
	GlobalSection(SolutionProperties) = preSolution
		HideSolutionNode = FALSE
	EndGlobalSection
	GlobalSection(ExtensibilityGlobals) = postSolution
		SolutionGuid = {03962AF0-423E-4282-B524-ADB1CB1C43A4}
	EndGlobalSection
EndGlobal
