
Microsoft Visual Studio Solution File, Format Version 12.00
# Visual Studio Version 16
VisualStudioVersion = 16.0.810.8
MinimumVisualStudioVersion = 10.0.40219.1
Project("{FAE04EC0-301F-11D3-BF4B-00C04F79EFBC}") = "ProgrammingLanguages", "ProgrammingLanguages\ProgrammingLanguages.csproj", "{983A99FD-A4C2-46D6-90E5-4A983048EEF5}"
EndProject
Global
	GlobalSection(SolutionConfigurationPlatforms) = preSolution
		Debug|Any CPU = Debug|Any CPU
		Release|Any CPU = Release|Any CPU
	EndGlobalSection
	GlobalSection(ProjectConfigurationPlatforms) = postSolution
		{983A99FD-A4C2-46D6-90E5-4A983048EEF5}.Debug|Any CPU.ActiveCfg = Debug|Any CPU
		{983A99FD-A4C2-46D6-90E5-4A983048EEF5}.Debug|Any CPU.Build.0 = Debug|Any CPU
		{983A99FD-A4C2-46D6-90E5-4A983048EEF5}.Release|Any CPU.ActiveCfg = Release|Any CPU
		{983A99FD-A4C2-46D6-90E5-4A983048EEF5}.Release|Any CPU.Build.0 = Release|Any CPU
	EndGlobalSection
	GlobalSection(SolutionProperties) = preSolution
		HideSolutionNode = FALSE
	EndGlobalSection
	GlobalSection(ExtensibilityGlobals) = postSolution
		SolutionGuid = {2C1371D0-063B-42B7-BD70-56BDD3DC6256}
	EndGlobalSection
EndGlobal
