
Microsoft Visual Studio Solution File, Format Version 12.00
# Visual Studio Version 16
VisualStudioVersion = 16.0.810.8
MinimumVisualStudioVersion = 10.0.40219.1
Project("{FAE04EC0-301F-11D3-BF4B-00C04F79EFBC}") = "ExquisiteCorpseUserInput", "ExquisiteCorpseUserInput\ExquisiteCorpseUserInput.csproj", "{72F2D904-49E1-4A76-8727-420B0D49CF0C}"
EndProject
Global
	GlobalSection(SolutionConfigurationPlatforms) = preSolution
		Debug|Any CPU = Debug|Any CPU
		Release|Any CPU = Release|Any CPU
	EndGlobalSection
	GlobalSection(ProjectConfigurationPlatforms) = postSolution
		{72F2D904-49E1-4A76-8727-420B0D49CF0C}.Debug|Any CPU.ActiveCfg = Debug|Any CPU
		{72F2D904-49E1-4A76-8727-420B0D49CF0C}.Debug|Any CPU.Build.0 = Debug|Any CPU
		{72F2D904-49E1-4A76-8727-420B0D49CF0C}.Release|Any CPU.ActiveCfg = Release|Any CPU
		{72F2D904-49E1-4A76-8727-420B0D49CF0C}.Release|Any CPU.Build.0 = Release|Any CPU
	EndGlobalSection
	GlobalSection(SolutionProperties) = preSolution
		HideSolutionNode = FALSE
	EndGlobalSection
	GlobalSection(ExtensibilityGlobals) = postSolution
		SolutionGuid = {7B14B6D3-02C9-4A25-AEB1-89C5BAB1DC90}
	EndGlobalSection
EndGlobal
