
Microsoft Visual Studio Solution File, Format Version 12.00
# Visual Studio Version 16
VisualStudioVersion = 16.0.810.7
MinimumVisualStudioVersion = 10.0.40219.1
Project("{FAE04EC0-301F-11D3-BF4B-00C04F79EFBC}") = "ExquisiteCorpse", "ExquisiteCorpse\ExquisiteCorpse.csproj", "{4CEEF07D-876A-4AFB-90D4-15F977A1D1C5}"
EndProject
Global
	GlobalSection(SolutionConfigurationPlatforms) = preSolution
		Debug|Any CPU = Debug|Any CPU
		Release|Any CPU = Release|Any CPU
	EndGlobalSection
	GlobalSection(ProjectConfigurationPlatforms) = postSolution
		{4CEEF07D-876A-4AFB-90D4-15F977A1D1C5}.Debug|Any CPU.ActiveCfg = Debug|Any CPU
		{4CEEF07D-876A-4AFB-90D4-15F977A1D1C5}.Debug|Any CPU.Build.0 = Debug|Any CPU
		{4CEEF07D-876A-4AFB-90D4-15F977A1D1C5}.Release|Any CPU.ActiveCfg = Release|Any CPU
		{4CEEF07D-876A-4AFB-90D4-15F977A1D1C5}.Release|Any CPU.Build.0 = Release|Any CPU
	EndGlobalSection
	GlobalSection(SolutionProperties) = preSolution
		HideSolutionNode = FALSE
	EndGlobalSection
	GlobalSection(ExtensibilityGlobals) = postSolution
		SolutionGuid = {46B663E2-06A5-4DEB-AECF-D6DB57DF2A86}
	EndGlobalSection
EndGlobal
